
Microsoft Visual Studio Solution File, Format Version 12.00
# Visual Studio Version 17
VisualStudioVersion = 17.0.32126.317
MinimumVisualStudioVersion = 10.0.40219.1
Project("{FAE04EC0-301F-11D3-BF4B-00C04F79EFBC}") = "Exercicios_Repeticao", "Exercicios_Repeticao.csproj", "{DD700D94-AFA6-48FB-A3BF-BB74F7DF7772}"
EndProject
Global
	GlobalSection(SolutionConfigurationPlatforms) = preSolution
		Debug|Any CPU = Debug|Any CPU
		Release|Any CPU = Release|Any CPU
	EndGlobalSection
	GlobalSection(ProjectConfigurationPlatforms) = postSolution
		{DD700D94-AFA6-48FB-A3BF-BB74F7DF7772}.Debug|Any CPU.ActiveCfg = Debug|Any CPU
		{DD700D94-AFA6-48FB-A3BF-BB74F7DF7772}.Debug|Any CPU.Build.0 = Debug|Any CPU
		{DD700D94-AFA6-48FB-A3BF-BB74F7DF7772}.Release|Any CPU.ActiveCfg = Release|Any CPU
		{DD700D94-AFA6-48FB-A3BF-BB74F7DF7772}.Release|Any CPU.Build.0 = Release|Any CPU
	EndGlobalSection
	GlobalSection(SolutionProperties) = preSolution
		HideSolutionNode = FALSE
	EndGlobalSection
	GlobalSection(ExtensibilityGlobals) = postSolution
		SolutionGuid = {2A3D5EF6-641B-4B3B-9A04-1D173E2B36D8}
	EndGlobalSection
EndGlobal
